
Microsoft Visual Studio Solution File, Format Version 12.00
# Visual Studio Version 16
VisualStudioVersion = 16.0.32126.315
MinimumVisualStudioVersion = 10.0.40219.1
Project("{9A19103F-16F7-4668-BE54-9A1E7A4F7556}") = "01_Listar", "listador\01_Listar.csproj", "{9801875F-824F-4C5B-AE93-1FFE8094C537}"
EndProject
Project("{9A19103F-16F7-4668-BE54-9A1E7A4F7556}") = "02_CrearArchivos", "02_CrearArchivos\02_CrearArchivos.csproj", "{0F313ABF-8F2A-466B-BE6B-065B09F96FAB}"
EndProject
Project("{FAE04EC0-301F-11D3-BF4B-00C04F79EFBC}") = "03_ApuntarURL", "03_ApuntarURL\03_ApuntarURL.csproj", "{E4D21234-152E-4DEE-8CB3-28162455C954}"
EndProject
Global
	GlobalSection(SolutionConfigurationPlatforms) = preSolution
		Debug|Any CPU = Debug|Any CPU
		Release|Any CPU = Release|Any CPU
	EndGlobalSection
	GlobalSection(ProjectConfigurationPlatforms) = postSolution
		{9801875F-824F-4C5B-AE93-1FFE8094C537}.Debug|Any CPU.ActiveCfg = Debug|Any CPU
		{9801875F-824F-4C5B-AE93-1FFE8094C537}.Debug|Any CPU.Build.0 = Debug|Any CPU
		{9801875F-824F-4C5B-AE93-1FFE8094C537}.Release|Any CPU.ActiveCfg = Release|Any CPU
		{9801875F-824F-4C5B-AE93-1FFE8094C537}.Release|Any CPU.Build.0 = Release|Any CPU
		{0F313ABF-8F2A-466B-BE6B-065B09F96FAB}.Debug|Any CPU.ActiveCfg = Debug|Any CPU
		{0F313ABF-8F2A-466B-BE6B-065B09F96FAB}.Debug|Any CPU.Build.0 = Debug|Any CPU
		{0F313ABF-8F2A-466B-BE6B-065B09F96FAB}.Release|Any CPU.ActiveCfg = Release|Any CPU
		{0F313ABF-8F2A-466B-BE6B-065B09F96FAB}.Release|Any CPU.Build.0 = Release|Any CPU
		{E4D21234-152E-4DEE-8CB3-28162455C954}.Debug|Any CPU.ActiveCfg = Debug|Any CPU
		{E4D21234-152E-4DEE-8CB3-28162455C954}.Debug|Any CPU.Build.0 = Debug|Any CPU
		{E4D21234-152E-4DEE-8CB3-28162455C954}.Release|Any CPU.ActiveCfg = Release|Any CPU
		{E4D21234-152E-4DEE-8CB3-28162455C954}.Release|Any CPU.Build.0 = Release|Any CPU
	EndGlobalSection
	GlobalSection(SolutionProperties) = preSolution
		HideSolutionNode = FALSE
	EndGlobalSection
	GlobalSection(ExtensibilityGlobals) = postSolution
		SolutionGuid = {05DCADBB-F785-412E-8B54-CB4A995780ED}
	EndGlobalSection
EndGlobal
